
Microsoft Visual Studio Solution File, Format Version 12.00
# Visual Studio Version 17
VisualStudioVersion = 17.12.35728.132
MinimumVisualStudioVersion = 10.0.40219.1
Project("{FAE04EC0-301F-11D3-BF4B-00C04F79EFBC}") = "MQTTSimulator", "MQTTSimulator.csproj", "{F802AF0E-B416-42C4-A1D6-2BD51F302774}"
EndProject
Project("{2150E333-8FDC-42A3-9474-1A3956D46DE8}") = "Solution Items", "Solution Items", "{D2C86E66-81F9-4CE0-91A0-7AE31BB0686D}"
	ProjectSection(SolutionItems) = preProject
		local.runsettings = local.runsettings
	EndProjectSection
EndProject
Global
	GlobalSection(SolutionConfigurationPlatforms) = preSolution
		Debug|Any CPU = Debug|Any CPU
		Release|Any CPU = Release|Any CPU
	EndGlobalSection
	GlobalSection(ProjectConfigurationPlatforms) = postSolution
		{F802AF0E-B416-42C4-A1D6-2BD51F302774}.Debug|Any CPU.ActiveCfg = Debug|Any CPU
		{F802AF0E-B416-42C4-A1D6-2BD51F302774}.Debug|Any CPU.Build.0 = Debug|Any CPU
		{F802AF0E-B416-42C4-A1D6-2BD51F302774}.Release|Any CPU.ActiveCfg = Release|Any CPU
		{F802AF0E-B416-42C4-A1D6-2BD51F302774}.Release|Any CPU.Build.0 = Release|Any CPU
	EndGlobalSection
	GlobalSection(SolutionProperties) = preSolution
		HideSolutionNode = FALSE
	EndGlobalSection
EndGlobal
